
Microsoft Visual Studio Solution File, Format Version 12.00
# Visual Studio Version 17
VisualStudioVersion = 17.6.33712.159
MinimumVisualStudioVersion = 10.0.40219.1
Project("{FAE04EC0-301F-11D3-BF4B-00C04F79EFBC}") = "BackgroundWorkerDemo", "BackgroundWorkerDemo\BackgroundWorkerDemo.csproj", "{62CC211F-CF1D-42E3-97A4-534C525C1AB3}"
EndProject
Global
	GlobalSection(SolutionConfigurationPlatforms) = preSolution
		Debug|Any CPU = Debug|Any CPU
		Release|Any CPU = Release|Any CPU
	EndGlobalSection
	GlobalSection(ProjectConfigurationPlatforms) = postSolution
		{62CC211F-CF1D-42E3-97A4-534C525C1AB3}.Debug|Any CPU.ActiveCfg = Debug|Any CPU
		{62CC211F-CF1D-42E3-97A4-534C525C1AB3}.Debug|Any CPU.Build.0 = Debug|Any CPU
		{62CC211F-CF1D-42E3-97A4-534C525C1AB3}.Release|Any CPU.ActiveCfg = Release|Any CPU
		{62CC211F-CF1D-42E3-97A4-534C525C1AB3}.Release|Any CPU.Build.0 = Release|Any CPU
	EndGlobalSection
	GlobalSection(SolutionProperties) = preSolution
		HideSolutionNode = FALSE
	EndGlobalSection
	GlobalSection(ExtensibilityGlobals) = postSolution
		SolutionGuid = {BC940A86-58E8-4161-941C-0B307FDB0751}
	EndGlobalSection
EndGlobal
